// !$*UTF8*$!
{
	archiveVersion = 1;
	classes = {
	};
	objectVersion = 48;
	objects = {

/* Begin PBXBuildFile section */
		AF131D5C20C3DD1B005BF68A /* LaunchScreen.storyboard in Resources */ = {isa = PBXBuildFile; fileRef = AF131D5820C3DD1B005BF68A /* LaunchScreen.storyboard */; };
		AF131D5D20C3DD1B005BF68A /* Main.storyboard in Resources */ = {isa = PBXBuildFile; fileRef = AF131D5A20C3DD1B005BF68A /* Main.storyboard */; };
		AF131D6320C3DE90005BF68A /* FeedsCell.swift in Sources */ = {isa = PBXBuildFile; fileRef = AF131D6220C3DE90005BF68A /* FeedsCell.swift */; };
		AF131D8E20C3E07E005BF68A /* Utility.swift in Sources */ = {isa = PBXBuildFile; fileRef = AF131D8B20C3E07E005BF68A /* Utility.swift */; };
		AF131D9020C3E0D6005BF68A /* Reachability.swift in Sources */ = {isa = PBXBuildFile; fileRef = AF131D8F20C3E0D6005BF68A /* Reachability.swift */; };
		AF131DC020C3E1BC005BF68A /* Result.swift in Sources */ = {isa = PBXBuildFile; fileRef = AF131DB720C3E1BC005BF68A /* Result.swift */; };
		AF131DC120C3E1BC005BF68A /* ErrorResult.swift in Sources */ = {isa = PBXBuildFile; fileRef = AF131DB820C3E1BC005BF68A /* ErrorResult.swift */; };
		AF131DC320C3E1BC005BF68A /* RequestService.swift in Sources */ = {isa = PBXBuildFile; fileRef = AF131DBB20C3E1BC005BF68A /* RequestService.swift */; };
		AF131DC420C3E1BC005BF68A /* RequestHandler.swift in Sources */ = {isa = PBXBuildFile; fileRef = AF131DBC20C3E1BC005BF68A /* RequestHandler.swift */; };
		AF131DC520C3E1BC005BF68A /* RequestFactory.swift in Sources */ = {isa = PBXBuildFile; fileRef = AF131DBD20C3E1BC005BF68A /* RequestFactory.swift */; };
		AF131DC620C3E1BC005BF68A /* ParserHelper.swift in Sources */ = {isa = PBXBuildFile; fileRef = AF131DBF20C3E1BC005BF68A /* ParserHelper.swift */; };
		AF17C24E20BFA95100A8BA5A /* AppDelegate.swift in Sources */ = {isa = PBXBuildFile; fileRef = AF17C22520BFA94F00A8BA5A /* AppDelegate.swift */; };
		AF17C25220BFA95100A8BA5A /* ThemeColor.swift in Sources */ = {isa = PBXBuildFile; fileRef = AF17C22D20BFA95000A8BA5A /* ThemeColor.swift */; };
		AF17C25720BFA95100A8BA5A /* Assets.xcassets in Resources */ = {isa = PBXBuildFile; fileRef = AF17C23520BFA95000A8BA5A /* Assets.xcassets */; };
		AF17C26520BFA9E500A8BA5A /* FeedViewController.swift in Sources */ = {isa = PBXBuildFile; fileRef = AF17C26420BFA9E500A8BA5A /* FeedViewController.swift */; };
		AF17C26F20BFAA2600A8BA5A /* UIColor.swift in Sources */ = {isa = PBXBuildFile; fileRef = AF17C26E20BFAA2600A8BA5A /* UIColor.swift */; };
		AF1D5B6020BF9B05004DBC36 /* TableviewWithRESTService.xcdatamodeld in Sources */ = {isa = PBXBuildFile; fileRef = AF1D5B5E20BF9B05004DBC36 /* TableviewWithRESTService.xcdatamodeld */; };
		AF1D5B7020BF9B05004DBC36 /* TableviewWithRESTServiceTests.swift in Sources */ = {isa = PBXBuildFile; fileRef = AF1D5B6F20BF9B05004DBC36 /* TableviewWithRESTServiceTests.swift */; };
		AF1D5B7B20BF9B05004DBC36 /* TableviewWithRESTServiceUITests.swift in Sources */ = {isa = PBXBuildFile; fileRef = AF1D5B7A20BF9B05004DBC36 /* TableviewWithRESTServiceUITests.swift */; };
/* End PBXBuildFile section */

/* Begin PBXContainerItemProxy section */
		AF1D5B6C20BF9B05004DBC36 /* PBXContainerItemProxy */ = {
			isa = PBXContainerItemProxy;
			containerPortal = AF1D5B4C20BF9B05004DBC36 /* Project object */;
			proxyType = 1;
			remoteGlobalIDString = AF1D5B5320BF9B05004DBC36;
			remoteInfo = TableviewWithRESTService;
		};
		AF1D5B7720BF9B05004DBC36 /* PBXContainerItemProxy */ = {
			isa = PBXContainerItemProxy;
			containerPortal = AF1D5B4C20BF9B05004DBC36 /* Project object */;
			proxyType = 1;
			remoteGlobalIDString = AF1D5B5320BF9B05004DBC36;
			remoteInfo = TableviewWithRESTService;
		};
/* End PBXContainerItemProxy section */

/* Begin PBXFileReference section */
		AF131D5920C3DD1B005BF68A /* Base */ = {isa = PBXFileReference; lastKnownFileType = file.storyboard; name = Base; path = Base.lproj/LaunchScreen.storyboard; sourceTree = "<group>"; };
		AF131D5B20C3DD1B005BF68A /* Base */ = {isa = PBXFileReference; lastKnownFileType = file.storyboard; name = Base; path = Base.lproj/Main.storyboard; sourceTree = "<group>"; };
		AF131D6220C3DE90005BF68A /* FeedsCell.swift */ = {isa = PBXFileReference; lastKnownFileType = sourcecode.swift; path = FeedsCell.swift; sourceTree = "<group>"; };
		AF131D8B20C3E07E005BF68A /* Utility.swift */ = {isa = PBXFileReference; fileEncoding = 4; lastKnownFileType = sourcecode.swift; path = Utility.swift; sourceTree = "<group>"; };
		AF131D8F20C3E0D6005BF68A /* Reachability.swift */ = {isa = PBXFileReference; fileEncoding = 4; lastKnownFileType = sourcecode.swift; name = Reachability.swift; path = ../../../../../../Downloads/testProjects/TableviewWithRESTService/Util/Reachability.swift; sourceTree = "<group>"; };
		AF131DB720C3E1BC005BF68A /* Result.swift */ = {isa = PBXFileReference; fileEncoding = 4; lastKnownFileType = sourcecode.swift; path = Result.swift; sourceTree = "<group>"; };
		AF131DB820C3E1BC005BF68A /* ErrorResult.swift */ = {isa = PBXFileReference; fileEncoding = 4; lastKnownFileType = sourcecode.swift; path = ErrorResult.swift; sourceTree = "<group>"; };
		AF131DBB20C3E1BC005BF68A /* RequestService.swift */ = {isa = PBXFileReference; fileEncoding = 4; lastKnownFileType = sourcecode.swift; path = RequestService.swift; sourceTree = "<group>"; };
		AF131DBC20C3E1BC005BF68A /* RequestHandler.swift */ = {isa = PBXFileReference; fileEncoding = 4; lastKnownFileType = sourcecode.swift; path = RequestHandler.swift; sourceTree = "<group>"; };
		AF131DBD20C3E1BC005BF68A /* RequestFactory.swift */ = {isa = PBXFileReference; fileEncoding = 4; lastKnownFileType = sourcecode.swift; path = RequestFactory.swift; sourceTree = "<group>"; };
		AF131DBF20C3E1BC005BF68A /* ParserHelper.swift */ = {isa = PBXFileReference; fileEncoding = 4; lastKnownFileType = sourcecode.swift; path = ParserHelper.swift; sourceTree = "<group>"; };
		AF17C22520BFA94F00A8BA5A /* AppDelegate.swift */ = {isa = PBXFileReference; fileEncoding = 4; lastKnownFileType = sourcecode.swift; path = AppDelegate.swift; sourceTree = "<group>"; };
		AF17C22D20BFA95000A8BA5A /* ThemeColor.swift */ = {isa = PBXFileReference; fileEncoding = 4; lastKnownFileType = sourcecode.swift; path = ThemeColor.swift; sourceTree = "<group>"; };
		AF17C23520BFA95000A8BA5A /* Assets.xcassets */ = {isa = PBXFileReference; lastKnownFileType = folder.assetcatalog; path = Assets.xcassets; sourceTree = "<group>"; };
		AF17C26420BFA9E500A8BA5A /* FeedViewController.swift */ = {isa = PBXFileReference; lastKnownFileType = sourcecode.swift; path = FeedViewController.swift; sourceTree = "<group>"; };
		AF17C26E20BFAA2600A8BA5A /* UIColor.swift */ = {isa = PBXFileReference; fileEncoding = 4; lastKnownFileType = sourcecode.swift; path = UIColor.swift; sourceTree = "<group>"; };
		AF1D5B5420BF9B05004DBC36 /* TableviewWithRESTService.app */ = {isa = PBXFileReference; explicitFileType = wrapper.application; includeInIndex = 0; path = TableviewWithRESTService.app; sourceTree = BUILT_PRODUCTS_DIR; };
		AF1D5B5F20BF9B05004DBC36 /* TableviewWithRESTService.xcdatamodel */ = {isa = PBXFileReference; lastKnownFileType = wrapper.xcdatamodel; path = TableviewWithRESTService.xcdatamodel; sourceTree = "<group>"; };
		AF1D5B6620BF9B05004DBC36 /* Info.plist */ = {isa = PBXFileReference; lastKnownFileType = text.plist.xml; path = Info.plist; sourceTree = "<group>"; };
		AF1D5B6B20BF9B05004DBC36 /* TableviewWithRESTServiceTests.xctest */ = {isa = PBXFileReference; explicitFileType = wrapper.cfbundle; includeInIndex = 0; path = TableviewWithRESTServiceTests.xctest; sourceTree = BUILT_PRODUCTS_DIR; };
		AF1D5B6F20BF9B05004DBC36 /* TableviewWithRESTServiceTests.swift */ = {isa = PBXFileReference; lastKnownFileType = sourcecode.swift; path = TableviewWithRESTServiceTests.swift; sourceTree = "<group>"; };
		AF1D5B7120BF9B05004DBC36 /* Info.plist */ = {isa = PBXFileReference; lastKnownFileType = text.plist.xml; path = Info.plist; sourceTree = "<group>"; };
		AF1D5B7620BF9B05004DBC36 /* TableviewWithRESTServiceUITests.xctest */ = {isa = PBXFileReference; explicitFileType = wrapper.cfbundle; includeInIndex = 0; path = TableviewWithRESTServiceUITests.xctest; sourceTree = BUILT_PRODUCTS_DIR; };
		AF1D5B7A20BF9B05004DBC36 /* TableviewWithRESTServiceUITests.swift */ = {isa = PBXFileReference; lastKnownFileType = sourcecode.swift; path = TableviewWithRESTServiceUITests.swift; sourceTree = "<group>"; };
		AF1D5B7C20BF9B05004DBC36 /* Info.plist */ = {isa = PBXFileReference; lastKnownFileType = text.plist.xml; path = Info.plist; sourceTree = "<group>"; };
/* End PBXFileReference section */

/* Begin PBXFrameworksBuildPhase section */
		AF1D5B5120BF9B05004DBC36 /* Frameworks */ = {
			isa = PBXFrameworksBuildPhase;
			buildActionMask = 2147483647;
			files = (
			);
			runOnlyForDeploymentPostprocessing = 0;
		};
		AF1D5B6820BF9B05004DBC36 /* Frameworks */ = {
			isa = PBXFrameworksBuildPhase;
			buildActionMask = 2147483647;
			files = (
			);
			runOnlyForDeploymentPostprocessing = 0;
		};
		AF1D5B7320BF9B05004DBC36 /* Frameworks */ = {
			isa = PBXFrameworksBuildPhase;
			buildActionMask = 2147483647;
			files = (
			);
			runOnlyForDeploymentPostprocessing = 0;
		};
/* End PBXFrameworksBuildPhase section */

/* Begin PBXGroup section */
		AF131D5720C3DD1B005BF68A /* Storyboard */ = {
			isa = PBXGroup;
			children = (
				AF131D5820C3DD1B005BF68A /* LaunchScreen.storyboard */,
				AF131D5A20C3DD1B005BF68A /* Main.storyboard */,
			);
			path = Storyboard;
			sourceTree = "<group>";
		};
		AF131D5E20C3DE6B005BF68A /* View */ = {
			isa = PBXGroup;
			children = (
				AF131D5F20C3DE6B005BF68A /* TableViewCell */,
			);
			name = View;
			path = ../../../../../Downloads/testProjects/TableviewWithRESTService/View;
			sourceTree = "<group>";
		};
		AF131D5F20C3DE6B005BF68A /* TableViewCell */ = {
			isa = PBXGroup;
			children = (
				AF131D6220C3DE90005BF68A /* FeedsCell.swift */,
			);
			path = TableViewCell;
			sourceTree = "<group>";
		};
		AF131D8820C3E07E005BF68A /* Util */ = {
			isa = PBXGroup;
			children = (
				AF131D8F20C3E0D6005BF68A /* Reachability.swift */,
				AF131D8B20C3E07E005BF68A /* Utility.swift */,
			);
			path = Util;
			sourceTree = "<group>";
		};
		AF131DB520C3E1BC005BF68A /* Services */ = {
			isa = PBXGroup;
			children = (
				AF131DB620C3E1BC005BF68A /* Result */,
				AF131DB920C3E1BC005BF68A /* Network */,
				AF131DBE20C3E1BC005BF68A /* Parser */,
			);
			path = Services;
			sourceTree = "<group>";
		};
		AF131DB620C3E1BC005BF68A /* Result */ = {
			isa = PBXGroup;
			children = (
				AF131DB720C3E1BC005BF68A /* Result.swift */,
				AF131DB820C3E1BC005BF68A /* ErrorResult.swift */,
			);
			path = Result;
			sourceTree = "<group>";
		};
		AF131DB920C3E1BC005BF68A /* Network */ = {
			isa = PBXGroup;
			children = (
				AF131DBB20C3E1BC005BF68A /* RequestService.swift */,
				AF131DBC20C3E1BC005BF68A /* RequestHandler.swift */,
				AF131DBD20C3E1BC005BF68A /* RequestFactory.swift */,
			);
			path = Network;
			sourceTree = "<group>";
		};
		AF131DBE20C3E1BC005BF68A /* Parser */ = {
			isa = PBXGroup;
			children = (
				AF131DBF20C3E1BC005BF68A /* ParserHelper.swift */,
			);
			path = Parser;
			sourceTree = "<group>";
		};
		AF17C22420BFA94F00A8BA5A /* AppDelegate */ = {
			isa = PBXGroup;
			children = (
				AF17C22520BFA94F00A8BA5A /* AppDelegate.swift */,
			);
			path = AppDelegate;
			sourceTree = "<group>";
		};
		AF17C22C20BFA95000A8BA5A /* Constants */ = {
			isa = PBXGroup;
			children = (
				AF17C22D20BFA95000A8BA5A /* ThemeColor.swift */,
			);
			path = Constants;
			sourceTree = "<group>";
		};
		AF17C23420BFA95000A8BA5A /* Resources */ = {
			isa = PBXGroup;
			children = (
				AF17C23520BFA95000A8BA5A /* Assets.xcassets */,
			);
			path = Resources;
			sourceTree = "<group>";
		};
		AF17C23620BFA95000A8BA5A /* Controller */ = {
			isa = PBXGroup;
			children = (
				AF17C26420BFA9E500A8BA5A /* FeedViewController.swift */,
			);
			path = Controller;
			sourceTree = "<group>";
		};
		AF17C26D20BFAA2600A8BA5A /* Extension */ = {
			isa = PBXGroup;
			children = (
				AF17C26E20BFAA2600A8BA5A /* UIColor.swift */,
			);
			path = Extension;
			sourceTree = "<group>";
		};
		AF1D5B4B20BF9B05004DBC36 = {
			isa = PBXGroup;
			children = (
				AF1D5B5620BF9B05004DBC36 /* TableviewWithRESTService */,
				AF1D5B6E20BF9B05004DBC36 /* TableviewWithRESTServiceTests */,
				AF1D5B7920BF9B05004DBC36 /* TableviewWithRESTServiceUITests */,
				AF1D5B5520BF9B05004DBC36 /* Products */,
			);
			sourceTree = "<group>";
		};
		AF1D5B5520BF9B05004DBC36 /* Products */ = {
			isa = PBXGroup;
			children = (
				AF1D5B5420BF9B05004DBC36 /* TableviewWithRESTService.app */,
				AF1D5B6B20BF9B05004DBC36 /* TableviewWithRESTServiceTests.xctest */,
				AF1D5B7620BF9B05004DBC36 /* TableviewWithRESTServiceUITests.xctest */,
			);
			name = Products;
			sourceTree = "<group>";
		};
		AF1D5B5620BF9B05004DBC36 /* TableviewWithRESTService */ = {
			isa = PBXGroup;
			children = (
				AF17C22420BFA94F00A8BA5A /* AppDelegate */,
				AF17C22C20BFA95000A8BA5A /* Constants */,
				AF131D5E20C3DE6B005BF68A /* View */,
				AF17C23620BFA95000A8BA5A /* Controller */,
				AF131D5720C3DD1B005BF68A /* Storyboard */,
				AF131DB520C3E1BC005BF68A /* Services */,
				AF17C23420BFA95000A8BA5A /* Resources */,
				AF17C26D20BFAA2600A8BA5A /* Extension */,
				AF131D8820C3E07E005BF68A /* Util */,
				AF1D5B6620BF9B05004DBC36 /* Info.plist */,
				AF1D5B5E20BF9B05004DBC36 /* TableviewWithRESTService.xcdatamodeld */,
			);
			path = TableviewWithRESTService;
			sourceTree = "<group>";
		};
		AF1D5B6E20BF9B05004DBC36 /* TableviewWithRESTServiceTests */ = {
			isa = PBXGroup;
			children = (
				AF1D5B6F20BF9B05004DBC36 /* TableviewWithRESTServiceTests.swift */,
				AF1D5B7120BF9B05004DBC36 /* Info.plist */,
			);
			path = TableviewWithRESTServiceTests;
			sourceTree = "<group>";
		};
		AF1D5B7920BF9B05004DBC36 /* TableviewWithRESTServiceUITests */ = {
			isa = PBXGroup;
			children = (
				AF1D5B7A20BF9B05004DBC36 /* TableviewWithRESTServiceUITests.swift */,
				AF1D5B7C20BF9B05004DBC36 /* Info.plist */,
			);
			path = TableviewWithRESTServiceUITests;
			sourceTree = "<group>";
		};
/* End PBXGroup section */

/* Begin PBXNativeTarget section */
		AF1D5B5320BF9B05004DBC36 /* TableviewWithRESTService */ = {
			isa = PBXNativeTarget;
			buildConfigurationList = AF1D5B7F20BF9B05004DBC36 /* Build configuration list for PBXNativeTarget "TableviewWithRESTService" */;
			buildPhases = (
				AF1D5B5020BF9B05004DBC36 /* Sources */,
				AF1D5B5120BF9B05004DBC36 /* Frameworks */,
				AF1D5B5220BF9B05004DBC36 /* Resources */,
			);
			buildRules = (
			);
			dependencies = (
			);
			name = TableviewWithRESTService;
			productName = TableviewWithRESTService;
			productReference = AF1D5B5420BF9B05004DBC36 /* TableviewWithRESTService.app */;
			productType = "com.apple.product-type.application";
		};
		AF1D5B6A20BF9B05004DBC36 /* TableviewWithRESTServiceTests */ = {
			isa = PBXNativeTarget;
			buildConfigurationList = AF1D5B8220BF9B05004DBC36 /* Build configuration list for PBXNativeTarget "TableviewWithRESTServiceTests" */;
			buildPhases = (
				AF1D5B6720BF9B05004DBC36 /* Sources */,
				AF1D5B6820BF9B05004DBC36 /* Frameworks */,
				AF1D5B6920BF9B05004DBC36 /* Resources */,
			);
			buildRules = (
			);
			dependencies = (
				AF1D5B6D20BF9B05004DBC36 /* PBXTargetDependency */,
			);
			name = TableviewWithRESTServiceTests;
			productName = TableviewWithRESTServiceTests;
			productReference = AF1D5B6B20BF9B05004DBC36 /* TableviewWithRESTServiceTests.xctest */;
			productType = "com.apple.product-type.bundle.unit-test";
		};
		AF1D5B7520BF9B05004DBC36 /* TableviewWithRESTServiceUITests */ = {
			isa = PBXNativeTarget;
			buildConfigurationList = AF1D5B8520BF9B05004DBC36 /* Build configuration list for PBXNativeTarget "TableviewWithRESTServiceUITests" */;
			buildPhases = (
				AF1D5B7220BF9B05004DBC36 /* Sources */,
				AF1D5B7320BF9B05004DBC36 /* Frameworks */,
				AF1D5B7420BF9B05004DBC36 /* Resources */,
			);
			buildRules = (
			);
			dependencies = (
				AF1D5B7820BF9B05004DBC36 /* PBXTargetDependency */,
			);
			name = TableviewWithRESTServiceUITests;
			productName = TableviewWithRESTServiceUITests;
			productReference = AF1D5B7620BF9B05004DBC36 /* TableviewWithRESTServiceUITests.xctest */;
			productType = "com.apple.product-type.bundle.ui-testing";
		};
/* End PBXNativeTarget section */

/* Begin PBXProject section */
		AF1D5B4C20BF9B05004DBC36 /* Project object */ = {
			isa = PBXProject;
			attributes = {
				LastSwiftUpdateCheck = 0920;
				LastUpgradeCheck = 0920;
				ORGANIZATIONNAME = NischalHada;
				TargetAttributes = {
					AF1D5B5320BF9B05004DBC36 = {
						CreatedOnToolsVersion = 9.2;
						ProvisioningStyle = Automatic;
					};
					AF1D5B6A20BF9B05004DBC36 = {
						CreatedOnToolsVersion = 9.2;
						ProvisioningStyle = Automatic;
						TestTargetID = AF1D5B5320BF9B05004DBC36;
					};
					AF1D5B7520BF9B05004DBC36 = {
						CreatedOnToolsVersion = 9.2;
						ProvisioningStyle = Automatic;
						TestTargetID = AF1D5B5320BF9B05004DBC36;
					};
				};
			};
			buildConfigurationList = AF1D5B4F20BF9B05004DBC36 /* Build configuration list for PBXProject "TableviewWithRESTService" */;
			compatibilityVersion = "Xcode 8.0";
			developmentRegion = en;
			hasScannedForEncodings = 0;
			knownRegions = (
				en,
				Base,
			);
			mainGroup = AF1D5B4B20BF9B05004DBC36;
			productRefGroup = AF1D5B5520BF9B05004DBC36 /* Products */;
			projectDirPath = "";
			projectRoot = "";
			targets = (
				AF1D5B5320BF9B05004DBC36 /* TableviewWithRESTService */,
				AF1D5B6A20BF9B05004DBC36 /* TableviewWithRESTServiceTests */,
				AF1D5B7520BF9B05004DBC36 /* TableviewWithRESTServiceUITests */,
			);
		};
/* End PBXProject section */

/* Begin PBXResourcesBuildPhase section */
		AF1D5B5220BF9B05004DBC36 /* Resources */ = {
			isa = PBXResourcesBuildPhase;
			buildActionMask = 2147483647;
			files = (
				AF131D5D20C3DD1B005BF68A /* Main.storyboard in Resources */,
				AF17C25720BFA95100A8BA5A /* Assets.xcassets in Resources */,
				AF131D5C20C3DD1B005BF68A /* LaunchScreen.storyboard in Resources */,
			);
			runOnlyForDeploymentPostprocessing = 0;
		};
		AF1D5B6920BF9B05004DBC36 /* Resources */ = {
			isa = PBXResourcesBuildPhase;
			buildActionMask = 2147483647;
			files = (
			);
			runOnlyForDeploymentPostprocessing = 0;
		};
		AF1D5B7420BF9B05004DBC36 /* Resources */ = {
			isa = PBXResourcesBuildPhase;
			buildActionMask = 2147483647;
			files = (
			);
			runOnlyForDeploymentPostprocessing = 0;
		};
/* End PBXResourcesBuildPhase section */

/* Begin PBXSourcesBuildPhase section */
		AF1D5B5020BF9B05004DBC36 /* Sources */ = {
			isa = PBXSourcesBuildPhase;
			buildActionMask = 2147483647;
			files = (
				AF131DC020C3E1BC005BF68A /* Result.swift in Sources */,
				AF131DC320C3E1BC005BF68A /* RequestService.swift in Sources */,
				AF131DC120C3E1BC005BF68A /* ErrorResult.swift in Sources */,
				AF17C24E20BFA95100A8BA5A /* AppDelegate.swift in Sources */,
				AF17C25220BFA95100A8BA5A /* ThemeColor.swift in Sources */,
				AF17C26520BFA9E500A8BA5A /* FeedViewController.swift in Sources */,
				AF1D5B6020BF9B05004DBC36 /* TableviewWithRESTService.xcdatamodeld in Sources */,
				AF131DC420C3E1BC005BF68A /* RequestHandler.swift in Sources */,
				AF131D8E20C3E07E005BF68A /* Utility.swift in Sources */,
				AF17C26F20BFAA2600A8BA5A /* UIColor.swift in Sources */,
				AF131DC520C3E1BC005BF68A /* RequestFactory.swift in Sources */,
				AF131DC620C3E1BC005BF68A /* ParserHelper.swift in Sources */,
				AF131D9020C3E0D6005BF68A /* Reachability.swift in Sources */,
				AF131D6320C3DE90005BF68A /* FeedsCell.swift in Sources */,
			);
			runOnlyForDeploymentPostprocessing = 0;
		};
		AF1D5B6720BF9B05004DBC36 /* Sources */ = {
			isa = PBXSourcesBuildPhase;
			buildActionMask = 2147483647;
			files = (
				AF1D5B7020BF9B05004DBC36 /* TableviewWithRESTServiceTests.swift in Sources */,
			);
			runOnlyForDeploymentPostprocessing = 0;
		};
		AF1D5B7220BF9B05004DBC36 /* Sources */ = {
			isa = PBXSourcesBuildPhase;
			buildActionMask = 2147483647;
			files = (
				AF1D5B7B20BF9B05004DBC36 /* TableviewWithRESTServiceUITests.swift in Sources */,
			);
			runOnlyForDeploymentPostprocessing = 0;
		};
/* End PBXSourcesBuildPhase section */

/* Begin PBXTargetDependency section */
		AF1D5B6D20BF9B05004DBC36 /* PBXTargetDependency */ = {
			isa = PBXTargetDependency;
			target = AF1D5B5320BF9B05004DBC36 /* TableviewWithRESTService */;
			targetProxy = AF1D5B6C20BF9B05004DBC36 /* PBXContainerItemProxy */;
		};
		AF1D5B7820BF9B05004DBC36 /* PBXTargetDependency */ = {
			isa = PBXTargetDependency;
			target = AF1D5B5320BF9B05004DBC36 /* TableviewWithRESTService */;
			targetProxy = AF1D5B7720BF9B05004DBC36 /* PBXContainerItemProxy */;
		};
/* End PBXTargetDependency section */

/* Begin PBXVariantGroup section */
		AF131D5820C3DD1B005BF68A /* LaunchScreen.storyboard */ = {
			isa = PBXVariantGroup;
			children = (
				AF131D5920C3DD1B005BF68A /* Base */,
			);
			name = LaunchScreen.storyboard;
			sourceTree = "<group>";
		};
		AF131D5A20C3DD1B005BF68A /* Main.storyboard */ = {
			isa = PBXVariantGroup;
			children = (
				AF131D5B20C3DD1B005BF68A /* Base */,
			);
			name = Main.storyboard;
			sourceTree = "<group>";
		};
/* End PBXVariantGroup section */

/* Begin XCBuildConfiguration section */
		AF1D5B7D20BF9B05004DBC36 /* Debug */ = {
			isa = XCBuildConfiguration;
			buildSettings = {
				ALWAYS_SEARCH_USER_PATHS = NO;
				CLANG_ANALYZER_NONNULL = YES;
				CLANG_ANALYZER_NUMBER_OBJECT_CONVERSION = YES_AGGRESSIVE;
				CLANG_CXX_LANGUAGE_STANDARD = "gnu++14";
				CLANG_CXX_LIBRARY = "libc++";
				CLANG_ENABLE_MODULES = YES;
				CLANG_ENABLE_OBJC_ARC = YES;
				CLANG_WARN_BLOCK_CAPTURE_AUTORELEASING = YES;
				CLANG_WARN_BOOL_CONVERSION = YES;
				CLANG_WARN_COMMA = YES;
				CLANG_WARN_CONSTANT_CONVERSION = YES;
				CLANG_WARN_DIRECT_OBJC_ISA_USAGE = YES_ERROR;
				CLANG_WARN_DOCUMENTATION_COMMENTS = YES;
				CLANG_WARN_EMPTY_BODY = YES;
				CLANG_WARN_ENUM_CONVERSION = YES;
				CLANG_WARN_INFINITE_RECURSION = YES;
				CLANG_WARN_INT_CONVERSION = YES;
				CLANG_WARN_NON_LITERAL_NULL_CONVERSION = YES;
				CLANG_WARN_OBJC_LITERAL_CONVERSION = YES;
				CLANG_WARN_OBJC_ROOT_CLASS = YES_ERROR;
				CLANG_WARN_RANGE_LOOP_ANALYSIS = YES;
				CLANG_WARN_STRICT_PROTOTYPES = YES;
				CLANG_WARN_SUSPICIOUS_MOVE = YES;
				CLANG_WARN_UNGUARDED_AVAILABILITY = YES_AGGRESSIVE;
				CLANG_WARN_UNREACHABLE_CODE = YES;
				CLANG_WARN__DUPLICATE_METHOD_MATCH = YES;
				CODE_SIGN_IDENTITY = "iPhone Developer";
				COPY_PHASE_STRIP = NO;
				DEBUG_INFORMATION_FORMAT = dwarf;
				ENABLE_STRICT_OBJC_MSGSEND = YES;
				ENABLE_TESTABILITY = YES;
				GCC_C_LANGUAGE_STANDARD = gnu11;
				GCC_DYNAMIC_NO_PIC = NO;
				GCC_NO_COMMON_BLOCKS = YES;
				GCC_OPTIMIZATION_LEVEL = 0;
				GCC_PREPROCESSOR_DEFINITIONS = (
					"DEBUG=1",
					"$(inherited)",
				);
				GCC_WARN_64_TO_32_BIT_CONVERSION = YES;
				GCC_WARN_ABOUT_RETURN_TYPE = YES_ERROR;
				GCC_WARN_UNDECLARED_SELECTOR = YES;
				GCC_WARN_UNINITIALIZED_AUTOS = YES_AGGRESSIVE;
				GCC_WARN_UNUSED_FUNCTION = YES;
				GCC_WARN_UNUSED_VARIABLE = YES;
				IPHONEOS_DEPLOYMENT_TARGET = 11.2;
				MTL_ENABLE_DEBUG_INFO = YES;
				ONLY_ACTIVE_ARCH = YES;
				SDKROOT = iphoneos;
				SWIFT_ACTIVE_COMPILATION_CONDITIONS = DEBUG;
				SWIFT_OPTIMIZATION_LEVEL = "-Onone";
			};
			name = Debug;
		};
		AF1D5B7E20BF9B05004DBC36 /* Release */ = {
			isa = XCBuildConfiguration;
			buildSettings = {
				ALWAYS_SEARCH_USER_PATHS = NO;
				CLANG_ANALYZER_NONNULL = YES;
				CLANG_ANALYZER_NUMBER_OBJECT_CONVERSION = YES_AGGRESSIVE;
				CLANG_CXX_LANGUAGE_STANDARD = "gnu++14";
				CLANG_CXX_LIBRARY = "libc++";
				CLANG_ENABLE_MODULES = YES;
				CLANG_ENABLE_OBJC_ARC = YES;
				CLANG_WARN_BLOCK_CAPTURE_AUTORELEASING = YES;
				CLANG_WARN_BOOL_CONVERSION = YES;
				CLANG_WARN_COMMA = YES;
				CLANG_WARN_CONSTANT_CONVERSION = YES;
				CLANG_WARN_DIRECT_OBJC_ISA_USAGE = YES_ERROR;
				CLANG_WARN_DOCUMENTATION_COMMENTS = YES;
				CLANG_WARN_EMPTY_BODY = YES;
				CLANG_WARN_ENUM_CONVERSION = YES;
				CLANG_WARN_INFINITE_RECURSION = YES;
				CLANG_WARN_INT_CONVERSION = YES;
				CLANG_WARN_NON_LITERAL_NULL_CONVERSION = YES;
				CLANG_WARN_OBJC_LITERAL_CONVERSION = YES;
				CLANG_WARN_OBJC_ROOT_CLASS = YES_ERROR;
				CLANG_WARN_RANGE_LOOP_ANALYSIS = YES;
				CLANG_WARN_STRICT_PROTOTYPES = YES;
				CLANG_WARN_SUSPICIOUS_MOVE = YES;
				CLANG_WARN_UNGUARDED_AVAILABILITY = YES_AGGRESSIVE;
				CLANG_WARN_UNREACHABLE_CODE = YES;
				CLANG_WARN__DUPLICATE_METHOD_MATCH = YES;
				CODE_SIGN_IDENTITY = "iPhone Developer";
				COPY_PHASE_STRIP = NO;
				DEBUG_INFORMATION_FORMAT = "dwarf-with-dsym";
				ENABLE_NS_ASSERTIONS = NO;
				ENABLE_STRICT_OBJC_MSGSEND = YES;
				GCC_C_LANGUAGE_STANDARD = gnu11;
				GCC_NO_COMMON_BLOCKS = YES;
				GCC_WARN_64_TO_32_BIT_CONVERSION = YES;
				GCC_WARN_ABOUT_RETURN_TYPE = YES_ERROR;
				GCC_WARN_UNDECLARED_SELECTOR = YES;
				GCC_WARN_UNINITIALIZED_AUTOS = YES_AGGRESSIVE;
				GCC_WARN_UNUSED_FUNCTION = YES;
				GCC_WARN_UNUSED_VARIABLE = YES;
				IPHONEOS_DEPLOYMENT_TARGET = 11.2;
				MTL_ENABLE_DEBUG_INFO = NO;
				SDKROOT = iphoneos;
				SWIFT_OPTIMIZATION_LEVEL = "-Owholemodule";
				VALIDATE_PRODUCT = YES;
			};
			name = Release;
		};
		AF1D5B8020BF9B05004DBC36 /* Debug */ = {
			isa = XCBuildConfiguration;
			buildSettings = {
				ASSETCATALOG_COMPILER_APPICON_NAME = AppIcon;
				CODE_SIGN_STYLE = Automatic;
				INFOPLIST_FILE = TableviewWithRESTService/Info.plist;
				IPHONEOS_DEPLOYMENT_TARGET = 8.0;
				LD_RUNPATH_SEARCH_PATHS = "$(inherited) @executable_path/Frameworks";
				PRODUCT_BUNDLE_IDENTIFIER = Nischalhada.TableviewWithRESTService;
				PRODUCT_NAME = "$(TARGET_NAME)";
				SWIFT_VERSION = 4.0;
				TARGETED_DEVICE_FAMILY = "1,2";
			};
			name = Debug;
		};
		AF1D5B8120BF9B05004DBC36 /* Release */ = {
			isa = XCBuildConfiguration;
			buildSettings = {
				ASSETCATALOG_COMPILER_APPICON_NAME = AppIcon;
				CODE_SIGN_STYLE = Automatic;
				INFOPLIST_FILE = TableviewWithRESTService/Info.plist;
				IPHONEOS_DEPLOYMENT_TARGET = 8.0;
				LD_RUNPATH_SEARCH_PATHS = "$(inherited) @executable_path/Frameworks";
				PRODUCT_BUNDLE_IDENTIFIER = Nischalhada.TableviewWithRESTService;
				PRODUCT_NAME = "$(TARGET_NAME)";
				SWIFT_VERSION = 4.0;
				TARGETED_DEVICE_FAMILY = "1,2";
			};
			name = Release;
		};
		AF1D5B8320BF9B05004DBC36 /* Debug */ = {
			isa = XCBuildConfiguration;
			buildSettings = {
				ALWAYS_EMBED_SWIFT_STANDARD_LIBRARIES = YES;
				BUNDLE_LOADER = "$(TEST_HOST)";
				CODE_SIGN_STYLE = Automatic;
				INFOPLIST_FILE = TableviewWithRESTServiceTests/Info.plist;
				LD_RUNPATH_SEARCH_PATHS = "$(inherited) @executable_path/Frameworks @loader_path/Frameworks";
				PRODUCT_BUNDLE_IDENTIFIER = Nischalhada.TableviewWithRESTServiceTests;
				PRODUCT_NAME = "$(TARGET_NAME)";
				SWIFT_VERSION = 4.0;
				TARGETED_DEVICE_FAMILY = "1,2";
				TEST_HOST = "$(BUILT_PRODUCTS_DIR)/TableviewWithRESTService.app/TableviewWithRESTService";
			};
			name = Debug;
		};
		AF1D5B8420BF9B05004DBC36 /* Release */ = {
			isa = XCBuildConfiguration;
			buildSettings = {
				ALWAYS_EMBED_SWIFT_STANDARD_LIBRARIES = YES;
				BUNDLE_LOADER = "$(TEST_HOST)";
				CODE_SIGN_STYLE = Automatic;
				INFOPLIST_FILE = TableviewWithRESTServiceTests/Info.plist;
				LD_RUNPATH_SEARCH_PATHS = "$(inherited) @executable_path/Frameworks @loader_path/Frameworks";
				PRODUCT_BUNDLE_IDENTIFIER = Nischalhada.TableviewWithRESTServiceTests;
				PRODUCT_NAME = "$(TARGET_NAME)";
				SWIFT_VERSION = 4.0;
				TARGETED_DEVICE_FAMILY = "1,2";
				TEST_HOST = "$(BUILT_PRODUCTS_DIR)/TableviewWithRESTService.app/TableviewWithRESTService";
			};
			name = Release;
		};
		AF1D5B8620BF9B05004DBC36 /* Debug */ = {
			isa = XCBuildConfiguration;
			buildSettings = {
				ALWAYS_EMBED_SWIFT_STANDARD_LIBRARIES = YES;
				CODE_SIGN_STYLE = Automatic;
				INFOPLIST_FILE = TableviewWithRESTServiceUITests/Info.plist;
				LD_RUNPATH_SEARCH_PATHS = "$(inherited) @executable_path/Frameworks @loader_path/Frameworks";
				PRODUCT_BUNDLE_IDENTIFIER = Nischalhada.TableviewWithRESTServiceUITests;
				PRODUCT_NAME = "$(TARGET_NAME)";
				SWIFT_VERSION = 4.0;
				TARGETED_DEVICE_FAMILY = "1,2";
				TEST_TARGET_NAME = TableviewWithRESTService;
			};
			name = Debug;
		};
		AF1D5B8720BF9B05004DBC36 /* Release */ = {
			isa = XCBuildConfiguration;
			buildSettings = {
				ALWAYS_EMBED_SWIFT_STANDARD_LIBRARIES = YES;
				CODE_SIGN_STYLE = Automatic;
				INFOPLIST_FILE = TableviewWithRESTServiceUITests/Info.plist;
				LD_RUNPATH_SEARCH_PATHS = "$(inherited) @executable_path/Frameworks @loader_path/Frameworks";
				PRODUCT_BUNDLE_IDENTIFIER = Nischalhada.TableviewWithRESTServiceUITests;
				PRODUCT_NAME = "$(TARGET_NAME)";
				SWIFT_VERSION = 4.0;
				TARGETED_DEVICE_FAMILY = "1,2";
				TEST_TARGET_NAME = TableviewWithRESTService;
			};
			name = Release;
		};
/* End XCBuildConfiguration section */

/* Begin XCConfigurationList section */
		AF1D5B4F20BF9B05004DBC36 /* Build configuration list for PBXProject "TableviewWithRESTService" */ = {
			isa = XCConfigurationList;
			buildConfigurations = (
				AF1D5B7D20BF9B05004DBC36 /* Debug */,
				AF1D5B7E20BF9B05004DBC36 /* Release */,
			);
			defaultConfigurationIsVisible = 0;
			defaultConfigurationName = Release;
		};
		AF1D5B7F20BF9B05004DBC36 /* Build configuration list for PBXNativeTarget "TableviewWithRESTService" */ = {
			isa = XCConfigurationList;
			buildConfigurations = (
				AF1D5B8020BF9B05004DBC36 /* Debug */,
				AF1D5B8120BF9B05004DBC36 /* Release */,
			);
			defaultConfigurationIsVisible = 0;
			defaultConfigurationName = Release;
		};
		AF1D5B8220BF9B05004DBC36 /* Build configuration list for PBXNativeTarget "TableviewWithRESTServiceTests" */ = {
			isa = XCConfigurationList;
			buildConfigurations = (
				AF1D5B8320BF9B05004DBC36 /* Debug */,
				AF1D5B8420BF9B05004DBC36 /* Release */,
			);
			defaultConfigurationIsVisible = 0;
			defaultConfigurationName = Release;
		};
		AF1D5B8520BF9B05004DBC36 /* Build configuration list for PBXNativeTarget "TableviewWithRESTServiceUITests" */ = {
			isa = XCConfigurationList;
			buildConfigurations = (
				AF1D5B8620BF9B05004DBC36 /* Debug */,
				AF1D5B8720BF9B05004DBC36 /* Release */,
			);
			defaultConfigurationIsVisible = 0;
			defaultConfigurationName = Release;
		};
/* End XCConfigurationList section */

/* Begin XCVersionGroup section */
		AF1D5B5E20BF9B05004DBC36 /* TableviewWithRESTService.xcdatamodeld */ = {
			isa = XCVersionGroup;
			children = (
				AF1D5B5F20BF9B05004DBC36 /* TableviewWithRESTService.xcdatamodel */,
			);
			currentVersion = AF1D5B5F20BF9B05004DBC36 /* TableviewWithRESTService.xcdatamodel */;
			path = TableviewWithRESTService.xcdatamodeld;
			sourceTree = "<group>";
			versionGroupType = wrapper.xcdatamodel;
		};
/* End XCVersionGroup section */
	};
	rootObject = AF1D5B4C20BF9B05004DBC36 /* Project object */;
}
